
Microsoft Visual Studio Solution File, Format Version 12.00
# Visual Studio Version 17
VisualStudioVersion = 17.6.33717.318
MinimumVisualStudioVersion = 10.0.40219.1
Project("{FAE04EC0-301F-11D3-BF4B-00C04F79EFBC}") = "frmMerge", "frmMerge\frmMerge.csproj", "{23C7B630-D471-4FC4-A844-2DA6065AED44}"
EndProject
Global
	GlobalSection(SolutionConfigurationPlatforms) = preSolution
		Debug|Any CPU = Debug|Any CPU
		Release|Any CPU = Release|Any CPU
	EndGlobalSection
	GlobalSection(ProjectConfigurationPlatforms) = postSolution
		{23C7B630-D471-4FC4-A844-2DA6065AED44}.Debug|Any CPU.ActiveCfg = Debug|Any CPU
		{23C7B630-D471-4FC4-A844-2DA6065AED44}.Debug|Any CPU.Build.0 = Debug|Any CPU
		{23C7B630-D471-4FC4-A844-2DA6065AED44}.Release|Any CPU.ActiveCfg = Release|Any CPU
		{23C7B630-D471-4FC4-A844-2DA6065AED44}.Release|Any CPU.Build.0 = Release|Any CPU
	EndGlobalSection
	GlobalSection(SolutionProperties) = preSolution
		HideSolutionNode = FALSE
	EndGlobalSection
	GlobalSection(ExtensibilityGlobals) = postSolution
		SolutionGuid = {9BD2C104-2C98-4CD1-B878-0160C26E1FDF}
	EndGlobalSection
EndGlobal
